// !$*UTF8*$!
{
	archiveVersion = 1;
	classes = {
	};
	objectVersion = 46;
	objects = {

/* Begin PBXBuildFile section */
		596987081F4268F900C35BC8 /* ashley.brocket 1.png in Resources */ = {isa = PBXBuildFile; fileRef = 596987071F4268F900C35BC8 /* ashley.brocket 1.png */; };
		5969870A1F42693A00C35BC8 /* OP presents II.png in Resources */ = {isa = PBXBuildFile; fileRef = 596987091F42693A00C35BC8 /* OP presents II.png */; };
		596987751F42700800C35BC8 /* Bass.swift in Sources */ = {isa = PBXBuildFile; fileRef = 596987741F42700800C35BC8 /* Bass.swift */; };
		596987771F42702C00C35BC8 /* Mid.swift in Sources */ = {isa = PBXBuildFile; fileRef = 596987761F42702C00C35BC8 /* Mid.swift */; };
		596987791F42703C00C35BC8 /* Treble.swift in Sources */ = {isa = PBXBuildFile; fileRef = 596987781F42703C00C35BC8 /* Treble.swift */; };
		5969877D1F4275A100C35BC8 /* fullSpectrum.swift in Sources */ = {isa = PBXBuildFile; fileRef = 5969877C1F4275A100C35BC8 /* fullSpectrum.swift */; };
		5969877F1F4275CA00C35BC8 /* allUpper.swift in Sources */ = {isa = PBXBuildFile; fileRef = 5969877E1F4275CA00C35BC8 /* allUpper.swift */; };
		59BEC3BA1F46BEDB000023B5 /* scrap.swift in Sources */ = {isa = PBXBuildFile; fileRef = 59BEC3B91F46BEDB000023B5 /* scrap.swift */; };
		59D6BD841F312F59003B2065 /* AppDelegate.swift in Sources */ = {isa = PBXBuildFile; fileRef = 59D6BD831F312F59003B2065 /* AppDelegate.swift */; };
		59D6BD861F312F59003B2065 /* ViewController.swift in Sources */ = {isa = PBXBuildFile; fileRef = 59D6BD851F312F59003B2065 /* ViewController.swift */; };
		59D6BD891F312F59003B2065 /* Main.storyboard in Resources */ = {isa = PBXBuildFile; fileRef = 59D6BD871F312F59003B2065 /* Main.storyboard */; };
		59D6BD8B1F312F59003B2065 /* Assets.xcassets in Resources */ = {isa = PBXBuildFile; fileRef = 59D6BD8A1F312F59003B2065 /* Assets.xcassets */; };
		59D6BD8E1F312F59003B2065 /* LaunchScreen.storyboard in Resources */ = {isa = PBXBuildFile; fileRef = 59D6BD8C1F312F59003B2065 /* LaunchScreen.storyboard */; };
		59D6BD991F312F59003B2065 /* FracturedTests.swift in Sources */ = {isa = PBXBuildFile; fileRef = 59D6BD981F312F59003B2065 /* FracturedTests.swift */; };
		59D6BDA41F312F5A003B2065 /* FracturedUITests.swift in Sources */ = {isa = PBXBuildFile; fileRef = 59D6BDA31F312F5A003B2065 /* FracturedUITests.swift */; };
		59D6BDB21F313016003B2065 /* AudioKit.framework in Frameworks */ = {isa = PBXBuildFile; fileRef = 59D6BDB11F313016003B2065 /* AudioKit.framework */; };
		59D6BDB31F313016003B2065 /* AudioKit.framework in Embed Frameworks */ = {isa = PBXBuildFile; fileRef = 59D6BDB11F313016003B2065 /* AudioKit.framework */; settings = {ATTRIBUTES = (CodeSignOnCopy, RemoveHeadersOnCopy, ); }; };
		59EA7CFB1F47E2BF00CFD8E0 /* Block Swap 2 [1101] C4.m4a in Resources */ = {isa = PBXBuildFile; fileRef = 59EA7CF01F47E2BF00CFD8E0 /* Block Swap 2 [1101] C4.m4a */; };
		59EA7CFC1F47E2BF00CFD8E0 /* Fractured [1100] D4.m4a in Resources */ = {isa = PBXBuildFile; fileRef = 59EA7CF11F47E2BF00CFD8E0 /* Fractured [1100] D4.m4a */; };
		59EA7CFD1F47E2BF00CFD8E0 /* High Noise Cloud [1110] E4.m4a in Resources */ = {isa = PBXBuildFile; fileRef = 59EA7CF21F47E2BF00CFD8E0 /* High Noise Cloud [1110] E4.m4a */; };
		59EA7CFE1F47E2BF00CFD8E0 /* High Pitch Cloud 2 [1110] F4.m4a in Resources */ = {isa = PBXBuildFile; fileRef = 59EA7CF31F47E2BF00CFD8E0 /* High Pitch Cloud 2 [1110] F4.m4a */; };
		59EA7CFF1F47E2BF00CFD8E0 /* High Pitch Cloud 3 [1110] G4.m4a in Resources */ = {isa = PBXBuildFile; fileRef = 59EA7CF41F47E2BF00CFD8E0 /* High Pitch Cloud 3 [1110] G4.m4a */; };
		59EA7D001F47E2BF00CFD8E0 /* Pitch [1100] A4.m4a in Resources */ = {isa = PBXBuildFile; fileRef = 59EA7CF51F47E2BF00CFD8E0 /* Pitch [1100] A4.m4a */; };
		59EA7D011F47E2BF00CFD8E0 /* pn convolve [1101] B4.m4a in Resources */ = {isa = PBXBuildFile; fileRef = 59EA7CF61F47E2BF00CFD8E0 /* pn convolve [1101] B4.m4a */; };
		59EA7D021F47E2BF00CFD8E0 /* Straigh Tone Stretched 2 [1100] C5.m4a in Resources */ = {isa = PBXBuildFile; fileRef = 59EA7CF71F47E2BF00CFD8E0 /* Straigh Tone Stretched 2 [1100] C5.m4a */; };
		59EA7D031F47E2BF00CFD8E0 /* Straight Tone-Block Swap [1100] D5.m4a in Resources */ = {isa = PBXBuildFile; fileRef = 59EA7CF81F47E2BF00CFD8E0 /* Straight Tone-Block Swap [1100] D5.m4a */; };
		59EA7D041F47E2BF00CFD8E0 /* Threshold 3 [1100] E5.m4a in Resources */ = {isa = PBXBuildFile; fileRef = 59EA7CF91F47E2BF00CFD8E0 /* Threshold 3 [1100] E5.m4a */; };
		59EA7D051F47E2BF00CFD8E0 /* Threshold [1101] F5.m4a in Resources */ = {isa = PBXBuildFile; fileRef = 59EA7CFA1F47E2BF00CFD8E0 /* Threshold [1101] F5.m4a */; };
		59EA7D171F47E5FA00CFD8E0 /* [0011] low 3 D4.m4a in Resources */ = {isa = PBXBuildFile; fileRef = 59EA7D121F47E5FA00CFD8E0 /* [0011] low 3 D4.m4a */; };
		59EA7D181F47E5FA00CFD8E0 /* [0011] low 6 E4.m4a in Resources */ = {isa = PBXBuildFile; fileRef = 59EA7D131F47E5FA00CFD8E0 /* [0011] low 6 E4.m4a */; };
		59EA7D191F47E5FA00CFD8E0 /* [0011] low 7 F4.m4a in Resources */ = {isa = PBXBuildFile; fileRef = 59EA7D141F47E5FA00CFD8E0 /* [0011] low 7 F4.m4a */; };
		59EA7D1A1F47E5FA00CFD8E0 /* [0011] low 8 G4.m4a in Resources */ = {isa = PBXBuildFile; fileRef = 59EA7D151F47E5FA00CFD8E0 /* [0011] low 8 G4.m4a */; };
		59EA7D1B1F47E5FA00CFD8E0 /* [0011] low C4.m4a in Resources */ = {isa = PBXBuildFile; fileRef = 59EA7D161F47E5FA00CFD8E0 /* [0011] low C4.m4a */; };
		59EA7D271F47E70D00CFD8E0 /* Convolved [0101] C4.m4a in Resources */ = {isa = PBXBuildFile; fileRef = 59EA7D1D1F47E70D00CFD8E0 /* Convolved [0101] C4.m4a */; };
		59EA7D281F47E70D00CFD8E0 /* Mid Range 1 [0101] D4.m4a in Resources */ = {isa = PBXBuildFile; fileRef = 59EA7D1E1F47E70D00CFD8E0 /* Mid Range 1 [0101] D4.m4a */; };
		59EA7D291F47E70D00CFD8E0 /* Mid Range 4 [0101] E4.m4a in Resources */ = {isa = PBXBuildFile; fileRef = 59EA7D1F1F47E70D00CFD8E0 /* Mid Range 4 [0101] E4.m4a */; };
		59EA7D2A1F47E70D00CFD8E0 /* Mirrored [0101] F4.m4a in Resources */ = {isa = PBXBuildFile; fileRef = 59EA7D201F47E70D00CFD8E0 /* Mirrored [0101] F4.m4a */; };
		59EA7D2B1F47E70D00CFD8E0 /* pn convolve 1 [0101] G4.m4a in Resources */ = {isa = PBXBuildFile; fileRef = 59EA7D211F47E70D00CFD8E0 /* pn convolve 1 [0101] G4.m4a */; };
		59EA7D2C1F47E70D00CFD8E0 /* pn convolve 2 [0101] A4.m4a in Resources */ = {isa = PBXBuildFile; fileRef = 59EA7D221F47E70D00CFD8E0 /* pn convolve 2 [0101] A4.m4a */; };
		59EA7D2D1F47E70D00CFD8E0 /* pn convolve 3 [0101] B4.m4a in Resources */ = {isa = PBXBuildFile; fileRef = 59EA7D231F47E70D00CFD8E0 /* pn convolve 3 [0101] B4.m4a */; };
		59EA7D2E1F47E70D00CFD8E0 /* Straight Tone Stretched 4 [0101] C5.m4a in Resources */ = {isa = PBXBuildFile; fileRef = 59EA7D241F47E70D00CFD8E0 /* Straight Tone Stretched 4 [0101] C5.m4a */; };
		59EA7D2F1F47E70D00CFD8E0 /* Threshold 2 [0101] D5.m4a in Resources */ = {isa = PBXBuildFile; fileRef = 59EA7D251F47E70D00CFD8E0 /* Threshold 2 [0101] D5.m4a */; };
		59EA7D301F47E70D00CFD8E0 /* Threshold 7 [1101] E5.m4a in Resources */ = {isa = PBXBuildFile; fileRef = 59EA7D261F47E70D00CFD8E0 /* Threshold 7 [1101] E5.m4a */; };
		59EA7D391F47E80600CFD8E0 /* Fracture 1 high sparse C4.m4a in Resources */ = {isa = PBXBuildFile; fileRef = 59EA7D321F47E80600CFD8E0 /* Fracture 1 high sparse C4.m4a */; };
		59EA7D3A1F47E80600CFD8E0 /* High 1 [0110] D4.m4a in Resources */ = {isa = PBXBuildFile; fileRef = 59EA7D331F47E80600CFD8E0 /* High 1 [0110] D4.m4a */; };
		59EA7D3B1F47E80600CFD8E0 /* High 2 [0110] A4.m4a in Resources */ = {isa = PBXBuildFile; fileRef = 59EA7D341F47E80600CFD8E0 /* High 2 [0110] A4.m4a */; };
		59EA7D3C1F47E80600CFD8E0 /* High 5 [0110] B4.m4a in Resources */ = {isa = PBXBuildFile; fileRef = 59EA7D351F47E80600CFD8E0 /* High 5 [0110] B4.m4a */; };
		59EA7D3D1F47E80600CFD8E0 /* High 6 [0110] C5.m4a in Resources */ = {isa = PBXBuildFile; fileRef = 59EA7D361F47E80600CFD8E0 /* High 6 [0110] C5.m4a */; };
		59EA7D3E1F47E80600CFD8E0 /* High Noise Cloud 2 [0110] D5.m4a in Resources */ = {isa = PBXBuildFile; fileRef = 59EA7D371F47E80600CFD8E0 /* High Noise Cloud 2 [0110] D5.m4a */; };
		59EA7D3F1F47E80600CFD8E0 /* High Pitch Cloud [0110] E5.m4a in Resources */ = {isa = PBXBuildFile; fileRef = 59EA7D381F47E80600CFD8E0 /* High Pitch Cloud [0110] E5.m4a */; };
		59EA7D471F47E90C00CFD8E0 /* Block Swap [0100] C4.m4a in Resources */ = {isa = PBXBuildFile; fileRef = 59EA7D421F47E90C00CFD8E0 /* Block Swap [0100] C4.m4a */; };
		59EA7D481F47E90C00CFD8E0 /* Metallic 2 [0100] E4.m4a in Resources */ = {isa = PBXBuildFile; fileRef = 59EA7D431F47E90C00CFD8E0 /* Metallic 2 [0100] E4.m4a */; };
		59EA7D491F47E90C00CFD8E0 /* Metallic [0100] F4.m4a in Resources */ = {isa = PBXBuildFile; fileRef = 59EA7D441F47E90C00CFD8E0 /* Metallic [0100] F4.m4a */; };
		59EA7D4A1F47E90C00CFD8E0 /* Straight Tone 2 [0100] G4.m4a in Resources */ = {isa = PBXBuildFile; fileRef = 59EA7D451F47E90C00CFD8E0 /* Straight Tone 2 [0100] G4.m4a */; };
		59EA7D4B1F47E90C00CFD8E0 /* Threshold 6 [0100] B4.m4a in Resources */ = {isa = PBXBuildFile; fileRef = 59EA7D461F47E90C00CFD8E0 /* Threshold 6 [0100] B4.m4a */; };
/* End PBXBuildFile section */

/* Begin PBXContainerItemProxy section */
		59D6BD951F312F59003B2065 /* PBXContainerItemProxy */ = {
			isa = PBXContainerItemProxy;
			containerPortal = 59D6BD781F312F59003B2065 /* Project object */;
			proxyType = 1;
			remoteGlobalIDString = 59D6BD7F1F312F59003B2065;
			remoteInfo = Fractured;
		};
		59D6BDA01F312F59003B2065 /* PBXContainerItemProxy */ = {
			isa = PBXContainerItemProxy;
			containerPortal = 59D6BD781F312F59003B2065 /* Project object */;
			proxyType = 1;
			remoteGlobalIDString = 59D6BD7F1F312F59003B2065;
			remoteInfo = Fractured;
		};
/* End PBXContainerItemProxy section */

/* Begin PBXCopyFilesBuildPhase section */
		59D6BDB41F313016003B2065 /* Embed Frameworks */ = {
			isa = PBXCopyFilesBuildPhase;
			buildActionMask = 2147483647;
			dstPath = "";
			dstSubfolderSpec = 10;
			files = (
				59D6BDB31F313016003B2065 /* AudioKit.framework in Embed Frameworks */,
			);
			name = "Embed Frameworks";
			runOnlyForDeploymentPostprocessing = 0;
		};
/* End PBXCopyFilesBuildPhase section */

/* Begin PBXFileReference section */
		596987071F4268F900C35BC8 /* ashley.brocket 1.png */ = {isa = PBXFileReference; lastKnownFileType = image.png; name = "ashley.brocket 1.png"; path = "../../../Pictures/wetransfer-47b467/Fractures/ashley.brocket 1.png"; sourceTree = "<group>"; };
		596987091F42693A00C35BC8 /* OP presents II.png */ = {isa = PBXFileReference; lastKnownFileType = image.png; name = "OP presents II.png"; path = "../../../Library/Mobile Documents/com~apple~CloudDocs/Documents/Xcode Projects/minichamber/Mini Chamber/OP presents II.png"; sourceTree = "<group>"; };
		596987741F42700800C35BC8 /* Bass.swift */ = {isa = PBXFileReference; fileEncoding = 4; lastKnownFileType = sourcecode.swift; path = Bass.swift; sourceTree = "<group>"; };
		596987761F42702C00C35BC8 /* Mid.swift */ = {isa = PBXFileReference; fileEncoding = 4; lastKnownFileType = sourcecode.swift; path = Mid.swift; sourceTree = "<group>"; };
		596987781F42703C00C35BC8 /* Treble.swift */ = {isa = PBXFileReference; fileEncoding = 4; lastKnownFileType = sourcecode.swift; path = Treble.swift; sourceTree = "<group>"; };
		5969877C1F4275A100C35BC8 /* fullSpectrum.swift */ = {isa = PBXFileReference; fileEncoding = 4; lastKnownFileType = sourcecode.swift; path = fullSpectrum.swift; sourceTree = "<group>"; };
		5969877E1F4275CA00C35BC8 /* allUpper.swift */ = {isa = PBXFileReference; fileEncoding = 4; lastKnownFileType = sourcecode.swift; path = allUpper.swift; sourceTree = "<group>"; };
		59BEC3B91F46BEDB000023B5 /* scrap.swift */ = {isa = PBXFileReference; fileEncoding = 4; lastKnownFileType = sourcecode.swift; path = scrap.swift; sourceTree = "<group>"; };
		59D6BD801F312F59003B2065 /* Fractured.app */ = {isa = PBXFileReference; explicitFileType = wrapper.application; includeInIndex = 0; path = Fractured.app; sourceTree = BUILT_PRODUCTS_DIR; };
		59D6BD831F312F59003B2065 /* AppDelegate.swift */ = {isa = PBXFileReference; lastKnownFileType = sourcecode.swift; path = AppDelegate.swift; sourceTree = "<group>"; };
		59D6BD851F312F59003B2065 /* ViewController.swift */ = {isa = PBXFileReference; lastKnownFileType = sourcecode.swift; path = ViewController.swift; sourceTree = "<group>"; };
		59D6BD881F312F59003B2065 /* Base */ = {isa = PBXFileReference; lastKnownFileType = file.storyboard; name = Base; path = Base.lproj/Main.storyboard; sourceTree = "<group>"; };
		59D6BD8A1F312F59003B2065 /* Assets.xcassets */ = {isa = PBXFileReference; lastKnownFileType = folder.assetcatalog; path = Assets.xcassets; sourceTree = "<group>"; };
		59D6BD8D1F312F59003B2065 /* Base */ = {isa = PBXFileReference; lastKnownFileType = file.storyboard; name = Base; path = Base.lproj/LaunchScreen.storyboard; sourceTree = "<group>"; };
		59D6BD8F1F312F59003B2065 /* Info.plist */ = {isa = PBXFileReference; lastKnownFileType = text.plist.xml; path = Info.plist; sourceTree = "<group>"; };
		59D6BD941F312F59003B2065 /* FracturedTests.xctest */ = {isa = PBXFileReference; explicitFileType = wrapper.cfbundle; includeInIndex = 0; path = FracturedTests.xctest; sourceTree = BUILT_PRODUCTS_DIR; };
		59D6BD981F312F59003B2065 /* FracturedTests.swift */ = {isa = PBXFileReference; lastKnownFileType = sourcecode.swift; path = FracturedTests.swift; sourceTree = "<group>"; };
		59D6BD9A1F312F59003B2065 /* Info.plist */ = {isa = PBXFileReference; lastKnownFileType = text.plist.xml; path = Info.plist; sourceTree = "<group>"; };
		59D6BD9F1F312F59003B2065 /* FracturedUITests.xctest */ = {isa = PBXFileReference; explicitFileType = wrapper.cfbundle; includeInIndex = 0; path = FracturedUITests.xctest; sourceTree = BUILT_PRODUCTS_DIR; };
		59D6BDA31F312F5A003B2065 /* FracturedUITests.swift */ = {isa = PBXFileReference; lastKnownFileType = sourcecode.swift; path = FracturedUITests.swift; sourceTree = "<group>"; };
		59D6BDA51F312F5A003B2065 /* Info.plist */ = {isa = PBXFileReference; lastKnownFileType = text.plist.xml; path = Info.plist; sourceTree = "<group>"; };
		59D6BDB11F313016003B2065 /* AudioKit.framework */ = {isa = PBXFileReference; lastKnownFileType = wrapper.framework; path = AudioKit.framework; sourceTree = "<group>"; };
		59EA7CF01F47E2BF00CFD8E0 /* Block Swap 2 [1101] C4.m4a */ = {isa = PBXFileReference; lastKnownFileType = file; path = "Block Swap 2 [1101] C4.m4a"; sourceTree = "<group>"; };
		59EA7CF11F47E2BF00CFD8E0 /* Fractured [1100] D4.m4a */ = {isa = PBXFileReference; lastKnownFileType = file; path = "Fractured [1100] D4.m4a"; sourceTree = "<group>"; };
		59EA7CF21F47E2BF00CFD8E0 /* High Noise Cloud [1110] E4.m4a */ = {isa = PBXFileReference; lastKnownFileType = file; path = "High Noise Cloud [1110] E4.m4a"; sourceTree = "<group>"; };
		59EA7CF31F47E2BF00CFD8E0 /* High Pitch Cloud 2 [1110] F4.m4a */ = {isa = PBXFileReference; lastKnownFileType = file; path = "High Pitch Cloud 2 [1110] F4.m4a"; sourceTree = "<group>"; };
		59EA7CF41F47E2BF00CFD8E0 /* High Pitch Cloud 3 [1110] G4.m4a */ = {isa = PBXFileReference; lastKnownFileType = file; path = "High Pitch Cloud 3 [1110] G4.m4a"; sourceTree = "<group>"; };
		59EA7CF51F47E2BF00CFD8E0 /* Pitch [1100] A4.m4a */ = {isa = PBXFileReference; lastKnownFileType = file; path = "Pitch [1100] A4.m4a"; sourceTree = "<group>"; };
		59EA7CF61F47E2BF00CFD8E0 /* pn convolve [1101] B4.m4a */ = {isa = PBXFileReference; lastKnownFileType = file; path = "pn convolve [1101] B4.m4a"; sourceTree = "<group>"; };
		59EA7CF71F47E2BF00CFD8E0 /* Straigh Tone Stretched 2 [1100] C5.m4a */ = {isa = PBXFileReference; lastKnownFileType = file; path = "Straigh Tone Stretched 2 [1100] C5.m4a"; sourceTree = "<group>"; };
		59EA7CF81F47E2BF00CFD8E0 /* Straight Tone-Block Swap [1100] D5.m4a */ = {isa = PBXFileReference; lastKnownFileType = file; path = "Straight Tone-Block Swap [1100] D5.m4a"; sourceTree = "<group>"; };
		59EA7CF91F47E2BF00CFD8E0 /* Threshold 3 [1100] E5.m4a */ = {isa = PBXFileReference; lastKnownFileType = file; path = "Threshold 3 [1100] E5.m4a"; sourceTree = "<group>"; };
		59EA7CFA1F47E2BF00CFD8E0 /* Threshold [1101] F5.m4a */ = {isa = PBXFileReference; lastKnownFileType = file; path = "Threshold [1101] F5.m4a"; sourceTree = "<group>"; };
		59EA7D121F47E5FA00CFD8E0 /* [0011] low 3 D4.m4a */ = {isa = PBXFileReference; lastKnownFileType = file; path = "[0011] low 3 D4.m4a"; sourceTree = "<group>"; };
		59EA7D131F47E5FA00CFD8E0 /* [0011] low 6 E4.m4a */ = {isa = PBXFileReference; lastKnownFileType = file; path = "[0011] low 6 E4.m4a"; sourceTree = "<group>"; };
		59EA7D141F47E5FA00CFD8E0 /* [0011] low 7 F4.m4a */ = {isa = PBXFileReference; lastKnownFileType = file; path = "[0011] low 7 F4.m4a"; sourceTree = "<group>"; };
		59EA7D151F47E5FA00CFD8E0 /* [0011] low 8 G4.m4a */ = {isa = PBXFileReference; lastKnownFileType = file; path = "[0011] low 8 G4.m4a"; sourceTree = "<group>"; };
		59EA7D161F47E5FA00CFD8E0 /* [0011] low C4.m4a */ = {isa = PBXFileReference; lastKnownFileType = file; path = "[0011] low C4.m4a"; sourceTree = "<group>"; };
		59EA7D1D1F47E70D00CFD8E0 /* Convolved [0101] C4.m4a */ = {isa = PBXFileReference; lastKnownFileType = file; path = "Convolved [0101] C4.m4a"; sourceTree = "<group>"; };
		59EA7D1E1F47E70D00CFD8E0 /* Mid Range 1 [0101] D4.m4a */ = {isa = PBXFileReference; lastKnownFileType = file; path = "Mid Range 1 [0101] D4.m4a"; sourceTree = "<group>"; };
		59EA7D1F1F47E70D00CFD8E0 /* Mid Range 4 [0101] E4.m4a */ = {isa = PBXFileReference; lastKnownFileType = file; path = "Mid Range 4 [0101] E4.m4a"; sourceTree = "<group>"; };
		59EA7D201F47E70D00CFD8E0 /* Mirrored [0101] F4.m4a */ = {isa = PBXFileReference; lastKnownFileType = file; path = "Mirrored [0101] F4.m4a"; sourceTree = "<group>"; };
		59EA7D211F47E70D00CFD8E0 /* pn convolve 1 [0101] G4.m4a */ = {isa = PBXFileReference; lastKnownFileType = file; path = "pn convolve 1 [0101] G4.m4a"; sourceTree = "<group>"; };
		59EA7D221F47E70D00CFD8E0 /* pn convolve 2 [0101] A4.m4a */ = {isa = PBXFileReference; lastKnownFileType = file; path = "pn convolve 2 [0101] A4.m4a"; sourceTree = "<group>"; };
		59EA7D231F47E70D00CFD8E0 /* pn convolve 3 [0101] B4.m4a */ = {isa = PBXFileReference; lastKnownFileType = file; path = "pn convolve 3 [0101] B4.m4a"; sourceTree = "<group>"; };
		59EA7D241F47E70D00CFD8E0 /* Straight Tone Stretched 4 [0101] C5.m4a */ = {isa = PBXFileReference; lastKnownFileType = file; path = "Straight Tone Stretched 4 [0101] C5.m4a"; sourceTree = "<group>"; };
		59EA7D251F47E70D00CFD8E0 /* Threshold 2 [0101] D5.m4a */ = {isa = PBXFileReference; lastKnownFileType = file; path = "Threshold 2 [0101] D5.m4a"; sourceTree = "<group>"; };
		59EA7D261F47E70D00CFD8E0 /* Threshold 7 [1101] E5.m4a */ = {isa = PBXFileReference; lastKnownFileType = file; path = "Threshold 7 [1101] E5.m4a"; sourceTree = "<group>"; };
		59EA7D321F47E80600CFD8E0 /* Fracture 1 high sparse C4.m4a */ = {isa = PBXFileReference; lastKnownFileType = file; path = "Fracture 1 high sparse C4.m4a"; sourceTree = "<group>"; };
		59EA7D331F47E80600CFD8E0 /* High 1 [0110] D4.m4a */ = {isa = PBXFileReference; lastKnownFileType = file; path = "High 1 [0110] D4.m4a"; sourceTree = "<group>"; };
		59EA7D341F47E80600CFD8E0 /* High 2 [0110] A4.m4a */ = {isa = PBXFileReference; lastKnownFileType = file; path = "High 2 [0110] A4.m4a"; sourceTree = "<group>"; };
		59EA7D351F47E80600CFD8E0 /* High 5 [0110] B4.m4a */ = {isa = PBXFileReference; lastKnownFileType = file; path = "High 5 [0110] B4.m4a"; sourceTree = "<group>"; };
		59EA7D361F47E80600CFD8E0 /* High 6 [0110] C5.m4a */ = {isa = PBXFileReference; lastKnownFileType = file; path = "High 6 [0110] C5.m4a"; sourceTree = "<group>"; };
		59EA7D371F47E80600CFD8E0 /* High Noise Cloud 2 [0110] D5.m4a */ = {isa = PBXFileReference; lastKnownFileType = file; path = "High Noise Cloud 2 [0110] D5.m4a"; sourceTree = "<group>"; };
		59EA7D381F47E80600CFD8E0 /* High Pitch Cloud [0110] E5.m4a */ = {isa = PBXFileReference; lastKnownFileType = file; path = "High Pitch Cloud [0110] E5.m4a"; sourceTree = "<group>"; };
		59EA7D421F47E90C00CFD8E0 /* Block Swap [0100] C4.m4a */ = {isa = PBXFileReference; lastKnownFileType = file; path = "Block Swap [0100] C4.m4a"; sourceTree = "<group>"; };
		59EA7D431F47E90C00CFD8E0 /* Metallic 2 [0100] E4.m4a */ = {isa = PBXFileReference; lastKnownFileType = file; path = "Metallic 2 [0100] E4.m4a"; sourceTree = "<group>"; };
		59EA7D441F47E90C00CFD8E0 /* Metallic [0100] F4.m4a */ = {isa = PBXFileReference; lastKnownFileType = file; path = "Metallic [0100] F4.m4a"; sourceTree = "<group>"; };
		59EA7D451F47E90C00CFD8E0 /* Straight Tone 2 [0100] G4.m4a */ = {isa = PBXFileReference; lastKnownFileType = file; path = "Straight Tone 2 [0100] G4.m4a"; sourceTree = "<group>"; };
		59EA7D461F47E90C00CFD8E0 /* Threshold 6 [0100] B4.m4a */ = {isa = PBXFileReference; lastKnownFileType = file; path = "Threshold 6 [0100] B4.m4a"; sourceTree = "<group>"; };
/* End PBXFileReference section */

/* Begin PBXFrameworksBuildPhase section */
		59D6BD7D1F312F59003B2065 /* Frameworks */ = {
			isa = PBXFrameworksBuildPhase;
			buildActionMask = 2147483647;
			files = (
				59D6BDB21F313016003B2065 /* AudioKit.framework in Frameworks */,
			);
			runOnlyForDeploymentPostprocessing = 0;
		};
		59D6BD911F312F59003B2065 /* Frameworks */ = {
			isa = PBXFrameworksBuildPhase;
			buildActionMask = 2147483647;
			files = (
			);
			runOnlyForDeploymentPostprocessing = 0;
		};
		59D6BD9C1F312F59003B2065 /* Frameworks */ = {
			isa = PBXFrameworksBuildPhase;
			buildActionMask = 2147483647;
			files = (
			);
			runOnlyForDeploymentPostprocessing = 0;
		};
/* End PBXFrameworksBuildPhase section */

/* Begin PBXGroup section */
		59D6BD771F312F59003B2065 = {
			isa = PBXGroup;
			children = (
				5969877C1F4275A100C35BC8 /* fullSpectrum.swift */,
				5969877E1F4275CA00C35BC8 /* allUpper.swift */,
				596987741F42700800C35BC8 /* Bass.swift */,
				596987761F42702C00C35BC8 /* Mid.swift */,
				596987781F42703C00C35BC8 /* Treble.swift */,
				59D6BDB11F313016003B2065 /* AudioKit.framework */,
				59D6BD821F312F59003B2065 /* Fractured */,
				59D6BD971F312F59003B2065 /* FracturedTests */,
				59D6BDA21F312F5A003B2065 /* FracturedUITests */,
				59D6BD811F312F59003B2065 /* Products */,
				596987071F4268F900C35BC8 /* ashley.brocket 1.png */,
				596987091F42693A00C35BC8 /* OP presents II.png */,
				59EA7D411F47E90C00CFD8E0 /* au */,
				59EA7D311F47E80600CFD8E0 /* t */,
				59EA7D1C1F47E70D00CFD8E0 /* m */,
				59EA7CEF1F47E2BF00CFD8E0 /* fs */,
				59EA7D111F47E5FA00CFD8E0 /* b */,
			);
			sourceTree = "<group>";
		};
		59D6BD811F312F59003B2065 /* Products */ = {
			isa = PBXGroup;
			children = (
				59D6BD801F312F59003B2065 /* Fractured.app */,
				59D6BD941F312F59003B2065 /* FracturedTests.xctest */,
				59D6BD9F1F312F59003B2065 /* FracturedUITests.xctest */,
			);
			name = Products;
			sourceTree = "<group>";
		};
		59D6BD821F312F59003B2065 /* Fractured */ = {
			isa = PBXGroup;
			children = (
				59D6BD831F312F59003B2065 /* AppDelegate.swift */,
				59D6BD851F312F59003B2065 /* ViewController.swift */,
				59BEC3B91F46BEDB000023B5 /* scrap.swift */,
				59D6BD871F312F59003B2065 /* Main.storyboard */,
				59D6BD8A1F312F59003B2065 /* Assets.xcassets */,
				59D6BD8C1F312F59003B2065 /* LaunchScreen.storyboard */,
				59D6BD8F1F312F59003B2065 /* Info.plist */,
			);
			path = Fractured;
			sourceTree = "<group>";
		};
		59D6BD971F312F59003B2065 /* FracturedTests */ = {
			isa = PBXGroup;
			children = (
				59D6BD981F312F59003B2065 /* FracturedTests.swift */,
				59D6BD9A1F312F59003B2065 /* Info.plist */,
			);
			path = FracturedTests;
			sourceTree = "<group>";
		};
		59D6BDA21F312F5A003B2065 /* FracturedUITests */ = {
			isa = PBXGroup;
			children = (
				59D6BDA31F312F5A003B2065 /* FracturedUITests.swift */,
				59D6BDA51F312F5A003B2065 /* Info.plist */,
			);
			path = FracturedUITests;
			sourceTree = "<group>";
		};
		59EA7CEF1F47E2BF00CFD8E0 /* fs */ = {
			isa = PBXGroup;
			children = (
				59EA7CF01F47E2BF00CFD8E0 /* Block Swap 2 [1101] C4.m4a */,
				59EA7CF11F47E2BF00CFD8E0 /* Fractured [1100] D4.m4a */,
				59EA7CF21F47E2BF00CFD8E0 /* High Noise Cloud [1110] E4.m4a */,
				59EA7CF31F47E2BF00CFD8E0 /* High Pitch Cloud 2 [1110] F4.m4a */,
				59EA7CF41F47E2BF00CFD8E0 /* High Pitch Cloud 3 [1110] G4.m4a */,
				59EA7CF51F47E2BF00CFD8E0 /* Pitch [1100] A4.m4a */,
				59EA7CF61F47E2BF00CFD8E0 /* pn convolve [1101] B4.m4a */,
				59EA7CF71F47E2BF00CFD8E0 /* Straigh Tone Stretched 2 [1100] C5.m4a */,
				59EA7CF81F47E2BF00CFD8E0 /* Straight Tone-Block Swap [1100] D5.m4a */,
				59EA7CF91F47E2BF00CFD8E0 /* Threshold 3 [1100] E5.m4a */,
				59EA7CFA1F47E2BF00CFD8E0 /* Threshold [1101] F5.m4a */,
			);
			name = fs;
			path = "../../../Music/Fractured/Normalised mp3s/fs";
			sourceTree = "<group>";
		};
		59EA7D111F47E5FA00CFD8E0 /* b */ = {
			isa = PBXGroup;
			children = (
				59EA7D121F47E5FA00CFD8E0 /* [0011] low 3 D4.m4a */,
				59EA7D131F47E5FA00CFD8E0 /* [0011] low 6 E4.m4a */,
				59EA7D141F47E5FA00CFD8E0 /* [0011] low 7 F4.m4a */,
				59EA7D151F47E5FA00CFD8E0 /* [0011] low 8 G4.m4a */,
				59EA7D161F47E5FA00CFD8E0 /* [0011] low C4.m4a */,
			);
			name = b;
			path = "../../../Music/Fractured/Normalised mp3s/b";
			sourceTree = "<group>";
		};
		59EA7D1C1F47E70D00CFD8E0 /* m */ = {
			isa = PBXGroup;
			children = (
				59EA7D1D1F47E70D00CFD8E0 /* Convolved [0101] C4.m4a */,
				59EA7D1E1F47E70D00CFD8E0 /* Mid Range 1 [0101] D4.m4a */,
				59EA7D1F1F47E70D00CFD8E0 /* Mid Range 4 [0101] E4.m4a */,
				59EA7D201F47E70D00CFD8E0 /* Mirrored [0101] F4.m4a */,
				59EA7D211F47E70D00CFD8E0 /* pn convolve 1 [0101] G4.m4a */,
				59EA7D221F47E70D00CFD8E0 /* pn convolve 2 [0101] A4.m4a */,
				59EA7D231F47E70D00CFD8E0 /* pn convolve 3 [0101] B4.m4a */,
				59EA7D241F47E70D00CFD8E0 /* Straight Tone Stretched 4 [0101] C5.m4a */,
				59EA7D251F47E70D00CFD8E0 /* Threshold 2 [0101] D5.m4a */,
				59EA7D261F47E70D00CFD8E0 /* Threshold 7 [1101] E5.m4a */,
			);
			name = m;
			path = "../../../Music/Fractured/Normalised mp3s/m";
			sourceTree = "<group>";
		};
		59EA7D311F47E80600CFD8E0 /* t */ = {
			isa = PBXGroup;
			children = (
				59EA7D321F47E80600CFD8E0 /* Fracture 1 high sparse C4.m4a */,
				59EA7D331F47E80600CFD8E0 /* High 1 [0110] D4.m4a */,
				59EA7D341F47E80600CFD8E0 /* High 2 [0110] A4.m4a */,
				59EA7D351F47E80600CFD8E0 /* High 5 [0110] B4.m4a */,
				59EA7D361F47E80600CFD8E0 /* High 6 [0110] C5.m4a */,
				59EA7D371F47E80600CFD8E0 /* High Noise Cloud 2 [0110] D5.m4a */,
				59EA7D381F47E80600CFD8E0 /* High Pitch Cloud [0110] E5.m4a */,
			);
			name = t;
			path = "../../../Music/Fractured/Normalised mp3s/t";
			sourceTree = "<group>";
		};
		59EA7D411F47E90C00CFD8E0 /* au */ = {
			isa = PBXGroup;
			children = (
				59EA7D421F47E90C00CFD8E0 /* Block Swap [0100] C4.m4a */,
				59EA7D431F47E90C00CFD8E0 /* Metallic 2 [0100] E4.m4a */,
				59EA7D441F47E90C00CFD8E0 /* Metallic [0100] F4.m4a */,
				59EA7D451F47E90C00CFD8E0 /* Straight Tone 2 [0100] G4.m4a */,
				59EA7D461F47E90C00CFD8E0 /* Threshold 6 [0100] B4.m4a */,
			);
			name = au;
			path = "../../../Music/Fractured/Normalised mp3s/au";
			sourceTree = "<group>";
		};
/* End PBXGroup section */

/* Begin PBXNativeTarget section */
		59D6BD7F1F312F59003B2065 /* Fractured */ = {
			isa = PBXNativeTarget;
			buildConfigurationList = 59D6BDA81F312F5A003B2065 /* Build configuration list for PBXNativeTarget "Fractured" */;
			buildPhases = (
				59D6BD7C1F312F59003B2065 /* Sources */,
				59D6BD7D1F312F59003B2065 /* Frameworks */,
				59D6BD7E1F312F59003B2065 /* Resources */,
				59D6BDB41F313016003B2065 /* Embed Frameworks */,
			);
			buildRules = (
			);
			dependencies = (
			);
			name = Fractured;
			productName = Fractured;
			productReference = 59D6BD801F312F59003B2065 /* Fractured.app */;
			productType = "com.apple.product-type.application";
		};
		59D6BD931F312F59003B2065 /* FracturedTests */ = {
			isa = PBXNativeTarget;
			buildConfigurationList = 59D6BDAB1F312F5A003B2065 /* Build configuration list for PBXNativeTarget "FracturedTests" */;
			buildPhases = (
				59D6BD901F312F59003B2065 /* Sources */,
				59D6BD911F312F59003B2065 /* Frameworks */,
				59D6BD921F312F59003B2065 /* Resources */,
			);
			buildRules = (
			);
			dependencies = (
				59D6BD961F312F59003B2065 /* PBXTargetDependency */,
			);
			name = FracturedTests;
			productName = FracturedTests;
			productReference = 59D6BD941F312F59003B2065 /* FracturedTests.xctest */;
			productType = "com.apple.product-type.bundle.unit-test";
		};
		59D6BD9E1F312F59003B2065 /* FracturedUITests */ = {
			isa = PBXNativeTarget;
			buildConfigurationList = 59D6BDAE1F312F5A003B2065 /* Build configuration list for PBXNativeTarget "FracturedUITests" */;
			buildPhases = (
				59D6BD9B1F312F59003B2065 /* Sources */,
				59D6BD9C1F312F59003B2065 /* Frameworks */,
				59D6BD9D1F312F59003B2065 /* Resources */,
			);
			buildRules = (
			);
			dependencies = (
				59D6BDA11F312F59003B2065 /* PBXTargetDependency */,
			);
			name = FracturedUITests;
			productName = FracturedUITests;
			productReference = 59D6BD9F1F312F59003B2065 /* FracturedUITests.xctest */;
			productType = "com.apple.product-type.bundle.ui-testing";
		};
/* End PBXNativeTarget section */

/* Begin PBXProject section */
		59D6BD781F312F59003B2065 /* Project object */ = {
			isa = PBXProject;
			attributes = {
				LastSwiftUpdateCheck = 0830;
				LastUpgradeCheck = 0830;
				ORGANIZATIONNAME = "Omar Peracha";
				TargetAttributes = {
					59D6BD7F1F312F59003B2065 = {
						CreatedOnToolsVersion = 8.3.3;
						DevelopmentTeam = 255A692Y6K;
						ProvisioningStyle = Automatic;
					};
					59D6BD931F312F59003B2065 = {
						CreatedOnToolsVersion = 8.3.3;
						ProvisioningStyle = Automatic;
						TestTargetID = 59D6BD7F1F312F59003B2065;
					};
					59D6BD9E1F312F59003B2065 = {
						CreatedOnToolsVersion = 8.3.3;
						ProvisioningStyle = Automatic;
						TestTargetID = 59D6BD7F1F312F59003B2065;
					};
				};
			};
			buildConfigurationList = 59D6BD7B1F312F59003B2065 /* Build configuration list for PBXProject "Fractured" */;
			compatibilityVersion = "Xcode 3.2";
			developmentRegion = English;
			hasScannedForEncodings = 0;
			knownRegions = (
				en,
				Base,
			);
			mainGroup = 59D6BD771F312F59003B2065;
			productRefGroup = 59D6BD811F312F59003B2065 /* Products */;
			projectDirPath = "";
			projectRoot = "";
			targets = (
				59D6BD7F1F312F59003B2065 /* Fractured */,
				59D6BD931F312F59003B2065 /* FracturedTests */,
				59D6BD9E1F312F59003B2065 /* FracturedUITests */,
			);
		};
/* End PBXProject section */

/* Begin PBXResourcesBuildPhase section */
		59D6BD7E1F312F59003B2065 /* Resources */ = {
			isa = PBXResourcesBuildPhase;
			buildActionMask = 2147483647;
			files = (
				59EA7CFB1F47E2BF00CFD8E0 /* Block Swap 2 [1101] C4.m4a in Resources */,
				59EA7D181F47E5FA00CFD8E0 /* [0011] low 6 E4.m4a in Resources */,
				59EA7CFC1F47E2BF00CFD8E0 /* Fractured [1100] D4.m4a in Resources */,
				59D6BD8E1F312F59003B2065 /* LaunchScreen.storyboard in Resources */,
				59EA7D491F47E90C00CFD8E0 /* Metallic [0100] F4.m4a in Resources */,
				59EA7D2F1F47E70D00CFD8E0 /* Threshold 2 [0101] D5.m4a in Resources */,
				59D6BD8B1F312F59003B2065 /* Assets.xcassets in Resources */,
				59EA7D3D1F47E80600CFD8E0 /* High 6 [0110] C5.m4a in Resources */,
				596987081F4268F900C35BC8 /* ashley.brocket 1.png in Resources */,
				59EA7D171F47E5FA00CFD8E0 /* [0011] low 3 D4.m4a in Resources */,
				59EA7D2A1F47E70D00CFD8E0 /* Mirrored [0101] F4.m4a in Resources */,
				59EA7D471F47E90C00CFD8E0 /* Block Swap [0100] C4.m4a in Resources */,
				59EA7D301F47E70D00CFD8E0 /* Threshold 7 [1101] E5.m4a in Resources */,
				5969870A1F42693A00C35BC8 /* OP presents II.png in Resources */,
				59EA7D031F47E2BF00CFD8E0 /* Straight Tone-Block Swap [1100] D5.m4a in Resources */,
				59EA7D001F47E2BF00CFD8E0 /* Pitch [1100] A4.m4a in Resources */,
				59D6BD891F312F59003B2065 /* Main.storyboard in Resources */,
				59EA7D271F47E70D00CFD8E0 /* Convolved [0101] C4.m4a in Resources */,
				59EA7D011F47E2BF00CFD8E0 /* pn convolve [1101] B4.m4a in Resources */,
				59EA7D051F47E2BF00CFD8E0 /* Threshold [1101] F5.m4a in Resources */,
				59EA7D2D1F47E70D00CFD8E0 /* pn convolve 3 [0101] B4.m4a in Resources */,
				59EA7D191F47E5FA00CFD8E0 /* [0011] low 7 F4.m4a in Resources */,
				59EA7D391F47E80600CFD8E0 /* Fracture 1 high sparse C4.m4a in Resources */,
				59EA7CFD1F47E2BF00CFD8E0 /* High Noise Cloud [1110] E4.m4a in Resources */,
				59EA7D481F47E90C00CFD8E0 /* Metallic 2 [0100] E4.m4a in Resources */,
				59EA7D041F47E2BF00CFD8E0 /* Threshold 3 [1100] E5.m4a in Resources */,
				59EA7D2B1F47E70D00CFD8E0 /* pn convolve 1 [0101] G4.m4a in Resources */,
				59EA7D2C1F47E70D00CFD8E0 /* pn convolve 2 [0101] A4.m4a in Resources */,
				59EA7D3F1F47E80600CFD8E0 /* High Pitch Cloud [0110] E5.m4a in Resources */,
				59EA7D3B1F47E80600CFD8E0 /* High 2 [0110] A4.m4a in Resources */,
				59EA7D1A1F47E5FA00CFD8E0 /* [0011] low 8 G4.m4a in Resources */,
				59EA7D021F47E2BF00CFD8E0 /* Straigh Tone Stretched 2 [1100] C5.m4a in Resources */,
				59EA7D291F47E70D00CFD8E0 /* Mid Range 4 [0101] E4.m4a in Resources */,
				59EA7D1B1F47E5FA00CFD8E0 /* [0011] low C4.m4a in Resources */,
				59EA7D3C1F47E80600CFD8E0 /* High 5 [0110] B4.m4a in Resources */,
				59EA7D4A1F47E90C00CFD8E0 /* Straight Tone 2 [0100] G4.m4a in Resources */,
				59EA7D2E1F47E70D00CFD8E0 /* Straight Tone Stretched 4 [0101] C5.m4a in Resources */,
				59EA7D3E1F47E80600CFD8E0 /* High Noise Cloud 2 [0110] D5.m4a in Resources */,
				59EA7D3A1F47E80600CFD8E0 /* High 1 [0110] D4.m4a in Resources */,
				59EA7CFF1F47E2BF00CFD8E0 /* High Pitch Cloud 3 [1110] G4.m4a in Resources */,
				59EA7CFE1F47E2BF00CFD8E0 /* High Pitch Cloud 2 [1110] F4.m4a in Resources */,
				59EA7D4B1F47E90C00CFD8E0 /* Threshold 6 [0100] B4.m4a in Resources */,
				59EA7D281F47E70D00CFD8E0 /* Mid Range 1 [0101] D4.m4a in Resources */,
			);
			runOnlyForDeploymentPostprocessing = 0;
		};
		59D6BD921F312F59003B2065 /* Resources */ = {
			isa = PBXResourcesBuildPhase;
			buildActionMask = 2147483647;
			files = (
			);
			runOnlyForDeploymentPostprocessing = 0;
		};
		59D6BD9D1F312F59003B2065 /* Resources */ = {
			isa = PBXResourcesBuildPhase;
			buildActionMask = 2147483647;
			files = (
			);
			runOnlyForDeploymentPostprocessing = 0;
		};
/* End PBXResourcesBuildPhase section */

/* Begin PBXSourcesBuildPhase section */
		59D6BD7C1F312F59003B2065 /* Sources */ = {
			isa = PBXSourcesBuildPhase;
			buildActionMask = 2147483647;
			files = (
				59D6BD861F312F59003B2065 /* ViewController.swift in Sources */,
				5969877D1F4275A100C35BC8 /* fullSpectrum.swift in Sources */,
				59D6BD841F312F59003B2065 /* AppDelegate.swift in Sources */,
				596987751F42700800C35BC8 /* Bass.swift in Sources */,
				5969877F1F4275CA00C35BC8 /* allUpper.swift in Sources */,
				596987771F42702C00C35BC8 /* Mid.swift in Sources */,
				596987791F42703C00C35BC8 /* Treble.swift in Sources */,
				59BEC3BA1F46BEDB000023B5 /* scrap.swift in Sources */,
			);
			runOnlyForDeploymentPostprocessing = 0;
		};
		59D6BD901F312F59003B2065 /* Sources */ = {
			isa = PBXSourcesBuildPhase;
			buildActionMask = 2147483647;
			files = (
				59D6BD991F312F59003B2065 /* FracturedTests.swift in Sources */,
			);
			runOnlyForDeploymentPostprocessing = 0;
		};
		59D6BD9B1F312F59003B2065 /* Sources */ = {
			isa = PBXSourcesBuildPhase;
			buildActionMask = 2147483647;
			files = (
				59D6BDA41F312F5A003B2065 /* FracturedUITests.swift in Sources */,
			);
			runOnlyForDeploymentPostprocessing = 0;
		};
/* End PBXSourcesBuildPhase section */

/* Begin PBXTargetDependency section */
		59D6BD961F312F59003B2065 /* PBXTargetDependency */ = {
			isa = PBXTargetDependency;
			target = 59D6BD7F1F312F59003B2065 /* Fractured */;
			targetProxy = 59D6BD951F312F59003B2065 /* PBXContainerItemProxy */;
		};
		59D6BDA11F312F59003B2065 /* PBXTargetDependency */ = {
			isa = PBXTargetDependency;
			target = 59D6BD7F1F312F59003B2065 /* Fractured */;
			targetProxy = 59D6BDA01F312F59003B2065 /* PBXContainerItemProxy */;
		};
/* End PBXTargetDependency section */

/* Begin PBXVariantGroup section */
		59D6BD871F312F59003B2065 /* Main.storyboard */ = {
			isa = PBXVariantGroup;
			children = (
				59D6BD881F312F59003B2065 /* Base */,
			);
			name = Main.storyboard;
			sourceTree = "<group>";
		};
		59D6BD8C1F312F59003B2065 /* LaunchScreen.storyboard */ = {
			isa = PBXVariantGroup;
			children = (
				59D6BD8D1F312F59003B2065 /* Base */,
			);
			name = LaunchScreen.storyboard;
			sourceTree = "<group>";
		};
/* End PBXVariantGroup section */

/* Begin XCBuildConfiguration section */
		59D6BDA61F312F5A003B2065 /* Debug */ = {
			isa = XCBuildConfiguration;
			buildSettings = {
				ALWAYS_SEARCH_USER_PATHS = NO;
				CLANG_ANALYZER_NONNULL = YES;
				CLANG_ANALYZER_NUMBER_OBJECT_CONVERSION = YES_AGGRESSIVE;
				CLANG_CXX_LANGUAGE_STANDARD = "gnu++0x";
				CLANG_CXX_LIBRARY = "libc++";
				CLANG_ENABLE_MODULES = YES;
				CLANG_ENABLE_OBJC_ARC = YES;
				CLANG_WARN_BOOL_CONVERSION = YES;
				CLANG_WARN_CONSTANT_CONVERSION = YES;
				CLANG_WARN_DIRECT_OBJC_ISA_USAGE = YES_ERROR;
				CLANG_WARN_DOCUMENTATION_COMMENTS = YES;
				CLANG_WARN_EMPTY_BODY = YES;
				CLANG_WARN_ENUM_CONVERSION = YES;
				CLANG_WARN_INFINITE_RECURSION = YES;
				CLANG_WARN_INT_CONVERSION = YES;
				CLANG_WARN_OBJC_ROOT_CLASS = YES_ERROR;
				CLANG_WARN_SUSPICIOUS_MOVE = YES;
				CLANG_WARN_UNREACHABLE_CODE = YES;
				CLANG_WARN__DUPLICATE_METHOD_MATCH = YES;
				"CODE_SIGN_IDENTITY[sdk=iphoneos*]" = "iPhone Developer";
				COPY_PHASE_STRIP = NO;
				DEBUG_INFORMATION_FORMAT = dwarf;
				ENABLE_STRICT_OBJC_MSGSEND = YES;
				ENABLE_TESTABILITY = YES;
				GCC_C_LANGUAGE_STANDARD = gnu99;
				GCC_DYNAMIC_NO_PIC = NO;
				GCC_NO_COMMON_BLOCKS = YES;
				GCC_OPTIMIZATION_LEVEL = 0;
				GCC_PREPROCESSOR_DEFINITIONS = (
					"DEBUG=1",
					"$(inherited)",
				);
				GCC_WARN_64_TO_32_BIT_CONVERSION = YES;
				GCC_WARN_ABOUT_RETURN_TYPE = YES_ERROR;
				GCC_WARN_UNDECLARED_SELECTOR = YES;
				GCC_WARN_UNINITIALIZED_AUTOS = YES_AGGRESSIVE;
				GCC_WARN_UNUSED_FUNCTION = YES;
				GCC_WARN_UNUSED_VARIABLE = YES;
				IPHONEOS_DEPLOYMENT_TARGET = 10.3;
				MTL_ENABLE_DEBUG_INFO = YES;
				ONLY_ACTIVE_ARCH = YES;
				SDKROOT = iphoneos;
				SWIFT_ACTIVE_COMPILATION_CONDITIONS = DEBUG;
				SWIFT_OPTIMIZATION_LEVEL = "-Onone";
				TARGETED_DEVICE_FAMILY = "1,2";
			};
			name = Debug;
		};
		59D6BDA71F312F5A003B2065 /* Release */ = {
			isa = XCBuildConfiguration;
			buildSettings = {
				ALWAYS_SEARCH_USER_PATHS = NO;
				CLANG_ANALYZER_NONNULL = YES;
				CLANG_ANALYZER_NUMBER_OBJECT_CONVERSION = YES_AGGRESSIVE;
				CLANG_CXX_LANGUAGE_STANDARD = "gnu++0x";
				CLANG_CXX_LIBRARY = "libc++";
				CLANG_ENABLE_MODULES = YES;
				CLANG_ENABLE_OBJC_ARC = YES;
				CLANG_WARN_BOOL_CONVERSION = YES;
				CLANG_WARN_CONSTANT_CONVERSION = YES;
				CLANG_WARN_DIRECT_OBJC_ISA_USAGE = YES_ERROR;
				CLANG_WARN_DOCUMENTATION_COMMENTS = YES;
				CLANG_WARN_EMPTY_BODY = YES;
				CLANG_WARN_ENUM_CONVERSION = YES;
				CLANG_WARN_INFINITE_RECURSION = YES;
				CLANG_WARN_INT_CONVERSION = YES;
				CLANG_WARN_OBJC_ROOT_CLASS = YES_ERROR;
				CLANG_WARN_SUSPICIOUS_MOVE = YES;
				CLANG_WARN_UNREACHABLE_CODE = YES;
				CLANG_WARN__DUPLICATE_METHOD_MATCH = YES;
				"CODE_SIGN_IDENTITY[sdk=iphoneos*]" = "iPhone Developer";
				COPY_PHASE_STRIP = NO;
				DEBUG_INFORMATION_FORMAT = "dwarf-with-dsym";
				ENABLE_NS_ASSERTIONS = NO;
				ENABLE_STRICT_OBJC_MSGSEND = YES;
				GCC_C_LANGUAGE_STANDARD = gnu99;
				GCC_NO_COMMON_BLOCKS = YES;
				GCC_WARN_64_TO_32_BIT_CONVERSION = YES;
				GCC_WARN_ABOUT_RETURN_TYPE = YES_ERROR;
				GCC_WARN_UNDECLARED_SELECTOR = YES;
				GCC_WARN_UNINITIALIZED_AUTOS = YES_AGGRESSIVE;
				GCC_WARN_UNUSED_FUNCTION = YES;
				GCC_WARN_UNUSED_VARIABLE = YES;
				IPHONEOS_DEPLOYMENT_TARGET = 10.3;
				MTL_ENABLE_DEBUG_INFO = NO;
				SDKROOT = iphoneos;
				SWIFT_OPTIMIZATION_LEVEL = "-Owholemodule";
				TARGETED_DEVICE_FAMILY = "1,2";
				VALIDATE_PRODUCT = YES;
			};
			name = Release;
		};
		59D6BDA91F312F5A003B2065 /* Debug */ = {
			isa = XCBuildConfiguration;
			buildSettings = {
				ASSETCATALOG_COMPILER_APPICON_NAME = AppIcon;
				DEVELOPMENT_TEAM = 255A692Y6K;
				FRAMEWORK_SEARCH_PATHS = (
					"$(inherited)",
					"$(PROJECT_DIR)",
				);
				INFOPLIST_FILE = Fractured/Info.plist;
				IPHONEOS_DEPLOYMENT_TARGET = 9.0;
				LD_RUNPATH_SEARCH_PATHS = "$(inherited) @executable_path/Frameworks";
				PRODUCT_BUNDLE_IDENTIFIER = com.omarperacha.Fractured;
				PRODUCT_NAME = "$(TARGET_NAME)";
				SWIFT_VERSION = 3.0;
			};
			name = Debug;
		};
		59D6BDAA1F312F5A003B2065 /* Release */ = {
			isa = XCBuildConfiguration;
			buildSettings = {
				ASSETCATALOG_COMPILER_APPICON_NAME = AppIcon;
				DEVELOPMENT_TEAM = 255A692Y6K;
				FRAMEWORK_SEARCH_PATHS = (
					"$(inherited)",
					"$(PROJECT_DIR)",
				);
				INFOPLIST_FILE = Fractured/Info.plist;
				IPHONEOS_DEPLOYMENT_TARGET = 9.0;
				LD_RUNPATH_SEARCH_PATHS = "$(inherited) @executable_path/Frameworks";
				PRODUCT_BUNDLE_IDENTIFIER = com.omarperacha.Fractured;
				PRODUCT_NAME = "$(TARGET_NAME)";
				SWIFT_VERSION = 3.0;
			};
			name = Release;
		};
		59D6BDAC1F312F5A003B2065 /* Debug */ = {
			isa = XCBuildConfiguration;
			buildSettings = {
				ALWAYS_EMBED_SWIFT_STANDARD_LIBRARIES = YES;
				BUNDLE_LOADER = "$(TEST_HOST)";
				INFOPLIST_FILE = FracturedTests/Info.plist;
				LD_RUNPATH_SEARCH_PATHS = "$(inherited) @executable_path/Frameworks @loader_path/Frameworks";
				PRODUCT_BUNDLE_IDENTIFIER = com.omarperacha.FracturedTests;
				PRODUCT_NAME = "$(TARGET_NAME)";
				SWIFT_VERSION = 3.0;
				TEST_HOST = "$(BUILT_PRODUCTS_DIR)/Fractured.app/Fractured";
			};
			name = Debug;
		};
		59D6BDAD1F312F5A003B2065 /* Release */ = {
			isa = XCBuildConfiguration;
			buildSettings = {
				ALWAYS_EMBED_SWIFT_STANDARD_LIBRARIES = YES;
				BUNDLE_LOADER = "$(TEST_HOST)";
				INFOPLIST_FILE = FracturedTests/Info.plist;
				LD_RUNPATH_SEARCH_PATHS = "$(inherited) @executable_path/Frameworks @loader_path/Frameworks";
				PRODUCT_BUNDLE_IDENTIFIER = com.omarperacha.FracturedTests;
				PRODUCT_NAME = "$(TARGET_NAME)";
				SWIFT_VERSION = 3.0;
				TEST_HOST = "$(BUILT_PRODUCTS_DIR)/Fractured.app/Fractured";
			};
			name = Release;
		};
		59D6BDAF1F312F5A003B2065 /* Debug */ = {
			isa = XCBuildConfiguration;
			buildSettings = {
				ALWAYS_EMBED_SWIFT_STANDARD_LIBRARIES = YES;
				INFOPLIST_FILE = FracturedUITests/Info.plist;
				LD_RUNPATH_SEARCH_PATHS = "$(inherited) @executable_path/Frameworks @loader_path/Frameworks";
				PRODUCT_BUNDLE_IDENTIFIER = com.omarperacha.FracturedUITests;
				PRODUCT_NAME = "$(TARGET_NAME)";
				SWIFT_VERSION = 3.0;
				TEST_TARGET_NAME = Fractured;
			};
			name = Debug;
		};
		59D6BDB01F312F5A003B2065 /* Release */ = {
			isa = XCBuildConfiguration;
			buildSettings = {
				ALWAYS_EMBED_SWIFT_STANDARD_LIBRARIES = YES;
				INFOPLIST_FILE = FracturedUITests/Info.plist;
				LD_RUNPATH_SEARCH_PATHS = "$(inherited) @executable_path/Frameworks @loader_path/Frameworks";
				PRODUCT_BUNDLE_IDENTIFIER = com.omarperacha.FracturedUITests;
				PRODUCT_NAME = "$(TARGET_NAME)";
				SWIFT_VERSION = 3.0;
				TEST_TARGET_NAME = Fractured;
			};
			name = Release;
		};
/* End XCBuildConfiguration section */

/* Begin XCConfigurationList section */
		59D6BD7B1F312F59003B2065 /* Build configuration list for PBXProject "Fractured" */ = {
			isa = XCConfigurationList;
			buildConfigurations = (
				59D6BDA61F312F5A003B2065 /* Debug */,
				59D6BDA71F312F5A003B2065 /* Release */,
			);
			defaultConfigurationIsVisible = 0;
			defaultConfigurationName = Release;
		};
		59D6BDA81F312F5A003B2065 /* Build configuration list for PBXNativeTarget "Fractured" */ = {
			isa = XCConfigurationList;
			buildConfigurations = (
				59D6BDA91F312F5A003B2065 /* Debug */,
				59D6BDAA1F312F5A003B2065 /* Release */,
			);
			defaultConfigurationIsVisible = 0;
			defaultConfigurationName = Release;
		};
		59D6BDAB1F312F5A003B2065 /* Build configuration list for PBXNativeTarget "FracturedTests" */ = {
			isa = XCConfigurationList;
			buildConfigurations = (
				59D6BDAC1F312F5A003B2065 /* Debug */,
				59D6BDAD1F312F5A003B2065 /* Release */,
			);
			defaultConfigurationIsVisible = 0;
			defaultConfigurationName = Release;
		};
		59D6BDAE1F312F5A003B2065 /* Build configuration list for PBXNativeTarget "FracturedUITests" */ = {
			isa = XCConfigurationList;
			buildConfigurations = (
				59D6BDAF1F312F5A003B2065 /* Debug */,
				59D6BDB01F312F5A003B2065 /* Release */,
			);
			defaultConfigurationIsVisible = 0;
			defaultConfigurationName = Release;
		};
/* End XCConfigurationList section */
	};
	rootObject = 59D6BD781F312F59003B2065 /* Project object */;
}
